
Microsoft Visual Studio Solution File, Format Version 12.00
# Visual Studio 2013
VisualStudioVersion = 12.0.31101.0
MinimumVisualStudioVersion = 10.0.40219.1
Project("{FAE04EC0-301F-11D3-BF4B-00C04F79EFBC}") = "AjaxList", "AjaxList\AjaxList.csproj", "{FD6142A5-F85B-4600-A85D-3F0165818506}"
EndProject
Project("{FAE04EC0-301F-11D3-BF4B-00C04F79EFBC}") = "MysqlUsingDll", "..\..\ASP.NET网页设计\signup\MysqlUsingDll\MysqlUsingDll.csproj", "{2A5BFAC1-C335-4ED0-9890-89795A689FCF}"
EndProject
Project("{2150E333-8FDC-42A3-9474-1A3956D46DE8}") = "Dal", "Dal", "{3365C9CD-183F-4808-B1ED-8E188AF4A0A8}"
EndProject
Project("{2150E333-8FDC-42A3-9474-1A3956D46DE8}") = "Model", "Model", "{DCA96AA8-D696-4BE3-871B-9E98D0C2F5BB}"
EndProject
Project("{FAE04EC0-301F-11D3-BF4B-00C04F79EFBC}") = "Model.Base", "Model\Model.base\Model.Base.csproj", "{801D39EA-BF6C-43B7-9137-66F3FC72D20B}"
EndProject
Project("{FAE04EC0-301F-11D3-BF4B-00C04F79EFBC}") = "DAL.Base", "Dal\Dal.Base\DAL.Base.csproj", "{01784936-1A41-4A78-9D60-4AF43148FF6A}"
EndProject
Project("{FAE04EC0-301F-11D3-BF4B-00C04F79EFBC}") = "Utility", "Dal\Utility\Utility.csproj", "{60AE89DB-CA63-4F3B-BECB-6D50EA98264A}"
EndProject
Project("{FAE04EC0-301F-11D3-BF4B-00C04F79EFBC}") = "Model.Manager", "manager\Model.Manager.csproj", "{30F0B11A-9FD9-48F5-9D1C-B26F471FE3B6}"
EndProject
Project("{FAE04EC0-301F-11D3-BF4B-00C04F79EFBC}") = "Dal.Manager", "Dal.Manager\Dal.Manager.csproj", "{4ABBA649-8701-437C-91E9-E95A55EC9FA6}"
EndProject
Global
	GlobalSection(SolutionConfigurationPlatforms) = preSolution
		Debug|Any CPU = Debug|Any CPU
		Debug|x64 = Debug|x64
		Release|Any CPU = Release|Any CPU
		Release|x64 = Release|x64
	EndGlobalSection
	GlobalSection(ProjectConfigurationPlatforms) = postSolution
		{FD6142A5-F85B-4600-A85D-3F0165818506}.Debug|Any CPU.ActiveCfg = Debug|Any CPU
		{FD6142A5-F85B-4600-A85D-3F0165818506}.Debug|Any CPU.Build.0 = Debug|Any CPU
		{FD6142A5-F85B-4600-A85D-3F0165818506}.Debug|x64.ActiveCfg = Debug|Any CPU
		{FD6142A5-F85B-4600-A85D-3F0165818506}.Release|Any CPU.ActiveCfg = Release|Any CPU
		{FD6142A5-F85B-4600-A85D-3F0165818506}.Release|Any CPU.Build.0 = Release|Any CPU
		{FD6142A5-F85B-4600-A85D-3F0165818506}.Release|x64.ActiveCfg = Release|Any CPU
		{2A5BFAC1-C335-4ED0-9890-89795A689FCF}.Debug|Any CPU.ActiveCfg = Debug|Any CPU
		{2A5BFAC1-C335-4ED0-9890-89795A689FCF}.Debug|Any CPU.Build.0 = Debug|Any CPU
		{2A5BFAC1-C335-4ED0-9890-89795A689FCF}.Debug|x64.ActiveCfg = Debug|Any CPU
		{2A5BFAC1-C335-4ED0-9890-89795A689FCF}.Release|Any CPU.ActiveCfg = Release|Any CPU
		{2A5BFAC1-C335-4ED0-9890-89795A689FCF}.Release|Any CPU.Build.0 = Release|Any CPU
		{2A5BFAC1-C335-4ED0-9890-89795A689FCF}.Release|x64.ActiveCfg = Release|Any CPU
		{801D39EA-BF6C-43B7-9137-66F3FC72D20B}.Debug|Any CPU.ActiveCfg = Debug|Any CPU
		{801D39EA-BF6C-43B7-9137-66F3FC72D20B}.Debug|Any CPU.Build.0 = Debug|Any CPU
		{801D39EA-BF6C-43B7-9137-66F3FC72D20B}.Debug|x64.ActiveCfg = Debug|x64
		{801D39EA-BF6C-43B7-9137-66F3FC72D20B}.Debug|x64.Build.0 = Debug|x64
		{801D39EA-BF6C-43B7-9137-66F3FC72D20B}.Release|Any CPU.ActiveCfg = Release|Any CPU
		{801D39EA-BF6C-43B7-9137-66F3FC72D20B}.Release|Any CPU.Build.0 = Release|Any CPU
		{801D39EA-BF6C-43B7-9137-66F3FC72D20B}.Release|x64.ActiveCfg = Release|x64
		{801D39EA-BF6C-43B7-9137-66F3FC72D20B}.Release|x64.Build.0 = Release|x64
		{01784936-1A41-4A78-9D60-4AF43148FF6A}.Debug|Any CPU.ActiveCfg = Debug|Any CPU
		{01784936-1A41-4A78-9D60-4AF43148FF6A}.Debug|Any CPU.Build.0 = Debug|Any CPU
		{01784936-1A41-4A78-9D60-4AF43148FF6A}.Debug|x64.ActiveCfg = Debug|x64
		{01784936-1A41-4A78-9D60-4AF43148FF6A}.Debug|x64.Build.0 = Debug|x64
		{01784936-1A41-4A78-9D60-4AF43148FF6A}.Release|Any CPU.ActiveCfg = Release|Any CPU
		{01784936-1A41-4A78-9D60-4AF43148FF6A}.Release|Any CPU.Build.0 = Release|Any CPU
		{01784936-1A41-4A78-9D60-4AF43148FF6A}.Release|x64.ActiveCfg = Release|x64
		{01784936-1A41-4A78-9D60-4AF43148FF6A}.Release|x64.Build.0 = Release|x64
		{60AE89DB-CA63-4F3B-BECB-6D50EA98264A}.Debug|Any CPU.ActiveCfg = Debug|Any CPU
		{60AE89DB-CA63-4F3B-BECB-6D50EA98264A}.Debug|Any CPU.Build.0 = Debug|Any CPU
		{60AE89DB-CA63-4F3B-BECB-6D50EA98264A}.Debug|x64.ActiveCfg = Debug|x64
		{60AE89DB-CA63-4F3B-BECB-6D50EA98264A}.Debug|x64.Build.0 = Debug|x64
		{60AE89DB-CA63-4F3B-BECB-6D50EA98264A}.Release|Any CPU.ActiveCfg = Release|Any CPU
		{60AE89DB-CA63-4F3B-BECB-6D50EA98264A}.Release|Any CPU.Build.0 = Release|Any CPU
		{60AE89DB-CA63-4F3B-BECB-6D50EA98264A}.Release|x64.ActiveCfg = Release|x64
		{60AE89DB-CA63-4F3B-BECB-6D50EA98264A}.Release|x64.Build.0 = Release|x64
		{30F0B11A-9FD9-48F5-9D1C-B26F471FE3B6}.Debug|Any CPU.ActiveCfg = Debug|Any CPU
		{30F0B11A-9FD9-48F5-9D1C-B26F471FE3B6}.Debug|Any CPU.Build.0 = Debug|Any CPU
		{30F0B11A-9FD9-48F5-9D1C-B26F471FE3B6}.Debug|x64.ActiveCfg = Debug|Any CPU
		{30F0B11A-9FD9-48F5-9D1C-B26F471FE3B6}.Release|Any CPU.ActiveCfg = Release|Any CPU
		{30F0B11A-9FD9-48F5-9D1C-B26F471FE3B6}.Release|Any CPU.Build.0 = Release|Any CPU
		{30F0B11A-9FD9-48F5-9D1C-B26F471FE3B6}.Release|x64.ActiveCfg = Release|Any CPU
		{4ABBA649-8701-437C-91E9-E95A55EC9FA6}.Debug|Any CPU.ActiveCfg = Debug|Any CPU
		{4ABBA649-8701-437C-91E9-E95A55EC9FA6}.Debug|Any CPU.Build.0 = Debug|Any CPU
		{4ABBA649-8701-437C-91E9-E95A55EC9FA6}.Debug|x64.ActiveCfg = Debug|Any CPU
		{4ABBA649-8701-437C-91E9-E95A55EC9FA6}.Release|Any CPU.ActiveCfg = Release|Any CPU
		{4ABBA649-8701-437C-91E9-E95A55EC9FA6}.Release|Any CPU.Build.0 = Release|Any CPU
		{4ABBA649-8701-437C-91E9-E95A55EC9FA6}.Release|x64.ActiveCfg = Release|Any CPU
	EndGlobalSection
	GlobalSection(SolutionProperties) = preSolution
		HideSolutionNode = FALSE
	EndGlobalSection
	GlobalSection(NestedProjects) = preSolution
		{801D39EA-BF6C-43B7-9137-66F3FC72D20B} = {DCA96AA8-D696-4BE3-871B-9E98D0C2F5BB}
		{01784936-1A41-4A78-9D60-4AF43148FF6A} = {3365C9CD-183F-4808-B1ED-8E188AF4A0A8}
		{60AE89DB-CA63-4F3B-BECB-6D50EA98264A} = {3365C9CD-183F-4808-B1ED-8E188AF4A0A8}
		{30F0B11A-9FD9-48F5-9D1C-B26F471FE3B6} = {DCA96AA8-D696-4BE3-871B-9E98D0C2F5BB}
		{4ABBA649-8701-437C-91E9-E95A55EC9FA6} = {3365C9CD-183F-4808-B1ED-8E188AF4A0A8}
	EndGlobalSection
EndGlobal
